{
  "name": "ekwak",
  "version": "1.0.0",
  "lockfileVersion": 2,
  "requires": true,
  "packages": {
    "": {
      "name": "ekwak",
      "version": "1.0.0",
      "license": "ISC",
      "dependencies": {
        "pixi.js": "^7.2.0"
      }
    },
    "node_modules/@pixi/accessibility": {
      "version": "7.2.0",
      "resolved": "https://registry.npmjs.org/@pixi/accessibility/-/accessibility-7.2.0.tgz",
      "integrity": "sha512-yi4DIpRsisw6vcZGVbJn4plpADUTHzw8zDxpU/05xS+pngWyMabfs+QLK++f66sdUCgUbsdvPrlneSyfXeqXMQ==",
      "peerDependencies": {
        "@pixi/core": "7.2.0",
        "@pixi/display": "7.2.0",
        "@pixi/events": "7.2.0"
      }
    },
    "node_modules/@pixi/app": {
      "version": "7.2.0",
      "resolved": "https://registry.npmjs.org/@pixi/app/-/app-7.2.0.tgz",
      "integrity": "sha512-Q368vu7iIZAy1+ypF29rYwM6aiMpcYxHh06X2bjbmvtu7OGX/8/f4U4/7LELiYVqwvrkNLbuhmW6lne1XD4Dgw==",
      "peerDependencies": {
        "@pixi/core": "7.2.0",
        "@pixi/display": "7.2.0"
      }
    },
    "node_modules/@pixi/assets": {
      "version": "7.2.0",
      "resolved": "https://registry.npmjs.org/@pixi/assets/-/assets-7.2.0.tgz",
      "integrity": "sha512-EKoo60i/5NBZJHmeUZ4cMQKwno2Z1lQeyBtowvESx1aeNjDVnfMsPbdesAH8O736Y27npf4FaMOFv4Csh4MPJw==",
      "dependencies": {
        "@types/css-font-loading-module": "^0.0.7"
      },
      "peerDependencies": {
        "@pixi/core": "7.2.0",
        "@pixi/utils": "7.2.0"
      }
    },
    "node_modules/@pixi/color": {
      "version": "7.2.0",
      "resolved": "https://registry.npmjs.org/@pixi/color/-/color-7.2.0.tgz",
      "integrity": "sha512-MXAxosoaeqWrWdEZr4HmQ283wkg354SzlnSXmNQEONo6XcYtRwgSQkegTvVtz6GlpN+FoR0DiFi4zC/NcM2Z1Q==",
      "dependencies": {
        "colord": "^2.9.3"
      }
    },
    "node_modules/@pixi/compressed-textures": {
      "version": "7.2.0",
      "resolved": "https://registry.npmjs.org/@pixi/compressed-textures/-/compressed-textures-7.2.0.tgz",
      "integrity": "sha512-wVf4B5sesoKUNjWurb60++xJAqU8YkZZUjN+VAl3GDk2AmllnEkxqFQHaXBTuUHNopP/rO/HnXCiyJ0cV1DrOg==",
      "peerDependencies": {
        "@pixi/assets": "7.2.0",
        "@pixi/core": "7.2.0"
      }
    },
    "node_modules/@pixi/constants": {
      "version": "7.2.0",
      "resolved": "https://registry.npmjs.org/@pixi/constants/-/constants-7.2.0.tgz",
      "integrity": "sha512-pGWfyFuPdEOUa3ezLYLdZEQNAeokGv+RV29FMR+w+ozfVn6bpnG5GdDRL9KyitAv2WQL6TPfPRObOnLRGoRdIg=="
    },
    "node_modules/@pixi/core": {
      "version": "7.2.0",
      "resolved": "https://registry.npmjs.org/@pixi/core/-/core-7.2.0.tgz",
      "integrity": "sha512-tVDAAl1gom8jZSefTc1m4gbkY9hG9tLKj6zGJZ5gzAMhL5xreM7T1Nhwhudza5ZebSloQ2ARkHZf9lD1Ximovw==",
      "dependencies": {
        "@pixi/color": "7.2.0",
        "@pixi/constants": "7.2.0",
        "@pixi/extensions": "7.2.0",
        "@pixi/math": "7.2.0",
        "@pixi/runner": "7.2.0",
        "@pixi/settings": "7.2.0",
        "@pixi/ticker": "7.2.0",
        "@pixi/utils": "7.2.0",
        "@types/offscreencanvas": "^2019.6.4"
      },
      "funding": {
        "type": "opencollective",
        "url": "https://opencollective.com/pixijs"
      }
    },
    "node_modules/@pixi/display": {
      "version": "7.2.0",
      "resolved": "https://registry.npmjs.org/@pixi/display/-/display-7.2.0.tgz",
      "integrity": "sha512-SifBxSZKCg8gUo2pL9pcU+NVwA6fCD6TA69nISGndPwiHMtznpCnlleZ8+z8H4PmhXWLRuD8xd3FGhlH/b/keA==",
      "peerDependencies": {
        "@pixi/core": "7.2.0"
      }
    },
    "node_modules/@pixi/events": {
      "version": "7.2.0",
      "resolved": "https://registry.npmjs.org/@pixi/events/-/events-7.2.0.tgz",
      "integrity": "sha512-Nvf+qMhY43/fYJgkw4cUKLT4oCIlE1EgRZ2E46+f7/aWz+Z4mCphLzUIOkBp+PggNdtvZcF+t57fChi0rmfSoQ==",
      "peerDependencies": {
        "@pixi/core": "7.2.0",
        "@pixi/display": "7.2.0",
        "@pixi/utils": "7.2.0"
      }
    },
    "node_modules/@pixi/extensions": {
      "version": "7.2.0",
      "resolved": "https://registry.npmjs.org/@pixi/extensions/-/extensions-7.2.0.tgz",
      "integrity": "sha512-B27M74SqRxSzVztkmP9Gk5nORu9nAGAV8N8nq15pXABKY5IQ3F0F8XWm0Eeglf2UpbZ54tgIAfRLhRVUlG9WKQ=="
    },
    "node_modules/@pixi/extract": {
      "version": "7.2.0",
      "resolved": "https://registry.npmjs.org/@pixi/extract/-/extract-7.2.0.tgz",
      "integrity": "sha512-XJV+SlE8Sm/HrmtaXOLOVD+Up9VvC8TO0W90AuESPhn5oJDf1MBTBarQEoeAzQfJ8HK6fGs0F2hNsoAyaVRzJQ==",
      "peerDependencies": {
        "@pixi/core": "7.2.0"
      }
    },
    "node_modules/@pixi/filter-alpha": {
      "version": "7.2.0",
      "resolved": "https://registry.npmjs.org/@pixi/filter-alpha/-/filter-alpha-7.2.0.tgz",
      "integrity": "sha512-XQX0Uy9VKYzDirUCoIEqJ0KHCXULP5ALmU2Nl/mtYD7L5trKzG6YREr4b1J7Ldcp/SKGnwA8tYDFmXsJmFAwJw==",
      "peerDependencies": {
        "@pixi/core": "7.2.0"
      }
    },
    "node_modules/@pixi/filter-blur": {
      "version": "7.2.0",
      "resolved": "https://registry.npmjs.org/@pixi/filter-blur/-/filter-blur-7.2.0.tgz",
      "integrity": "sha512-nzta5P9W5GQyfmQcN7j0Ia85nmiXBzAcc4kGNPU2Lp/l1D+B7YD0SdzGVomCTX1MT0zMd7BrcCJ1NP/B5MVs3w==",
      "peerDependencies": {
        "@pixi/core": "7.2.0"
      }
    },
    "node_modules/@pixi/filter-color-matrix": {
      "version": "7.2.0",
      "resolved": "https://registry.npmjs.org/@pixi/filter-color-matrix/-/filter-color-matrix-7.2.0.tgz",
      "integrity": "sha512-m43XllXYO5OTdxzVeilZ5eRNn+dIbwmOXCVAmPyfkZvwP6P3sjEK7LEB3+6NXHnliohSZHE6BNKG5VB0TjmaiQ==",
      "peerDependencies": {
        "@pixi/core": "7.2.0"
      }
    },
    "node_modules/@pixi/filter-displacement": {
      "version": "7.2.0",
      "resolved": "https://registry.npmjs.org/@pixi/filter-displacement/-/filter-displacement-7.2.0.tgz",
      "integrity": "sha512-K1Kka6fU/kn60p2aPwezb6o9dnIhzjdyavvFveZO1rtkbqWg17vC8TfuuKbatqnG9w+ERjnXQq8DY6qREZb+wQ==",
      "peerDependencies": {
        "@pixi/core": "7.2.0"
      }
    },
    "node_modules/@pixi/filter-fxaa": {
      "version": "7.2.0",
      "resolved": "https://registry.npmjs.org/@pixi/filter-fxaa/-/filter-fxaa-7.2.0.tgz",
      "integrity": "sha512-EO0Pu2pMmrXJX0AfiWpsd1Is7QB/p1rVmnA4h5V5VvrtajZAkxumPkTqmVLfupYVZa6pNveRSn2eK5w4VdieTA==",
      "peerDependencies": {
        "@pixi/core": "7.2.0"
      }
    },
    "node_modules/@pixi/filter-noise": {
      "version": "7.2.0",
      "resolved": "https://registry.npmjs.org/@pixi/filter-noise/-/filter-noise-7.2.0.tgz",
      "integrity": "sha512-n2Do5IwEjNefqbzuuvueYuc4xpv8VyLbLTE8OvP98N1JmL0/tJXZVfq6NxyAvOfXO1Pa9WaXgJBn4nxoKc+2Dw==",
      "peerDependencies": {
        "@pixi/core": "7.2.0"
      }
    },
    "node_modules/@pixi/graphics": {
      "version": "7.2.0",
      "resolved": "https://registry.npmjs.org/@pixi/graphics/-/graphics-7.2.0.tgz",
      "integrity": "sha512-XzMydjylFbc1oTWD6KoEsPv3ybNUcVwvcpXRUc+g7SSDeRfejr8/h2+pu7ir1uOVqU7epaEtXxLXmEpzIBkDbw==",
      "peerDependencies": {
        "@pixi/core": "7.2.0",
        "@pixi/display": "7.2.0",
        "@pixi/sprite": "7.2.0"
      }
    },
    "node_modules/@pixi/math": {
      "version": "7.2.0",
      "resolved": "https://registry.npmjs.org/@pixi/math/-/math-7.2.0.tgz",
      "integrity": "sha512-JqbNYvbcC/I2dKrYOB27cECJKW9zjdHh8MbKqzRgtFfvOyb8uQv21XAXQg2ZyuzVs3ixsWURV/YuuhVPsTDvtQ=="
    },
    "node_modules/@pixi/mesh": {
      "version": "7.2.0",
      "resolved": "https://registry.npmjs.org/@pixi/mesh/-/mesh-7.2.0.tgz",
      "integrity": "sha512-BGPxrM5xOIOfpN3LO1RSN0E4oBm10BLQ5pnO9RjZ0GDhhaBuO1wNZ3WeOKfI0CvJL01ttrE8wo7ig+WwectY7g==",
      "peerDependencies": {
        "@pixi/core": "7.2.0",
        "@pixi/display": "7.2.0"
      }
    },
    "node_modules/@pixi/mesh-extras": {
      "version": "7.2.0",
      "resolved": "https://registry.npmjs.org/@pixi/mesh-extras/-/mesh-extras-7.2.0.tgz",
      "integrity": "sha512-WVitrrqvUyrXPVgJsP8n3xoPyOFDEeGzcEvuf6IAAhzrWvVWdCv20WO70hqDc9NaRxs3c4HEaPeB1IZZ5RVgdA==",
      "peerDependencies": {
        "@pixi/core": "7.2.0",
        "@pixi/mesh": "7.2.0"
      }
    },
    "node_modules/@pixi/mixin-cache-as-bitmap": {
      "version": "7.2.0",
      "resolved": "https://registry.npmjs.org/@pixi/mixin-cache-as-bitmap/-/mixin-cache-as-bitmap-7.2.0.tgz",
      "integrity": "sha512-kXOWFJZci5qSWfN8tavS/Idg+ciDw5h89BBBw8iT+lOrJw6iyPZKieTBzjI85xjTP87N0yuW5YxR3BPxA/wuSQ==",
      "peerDependencies": {
        "@pixi/core": "7.2.0",
        "@pixi/display": "7.2.0",
        "@pixi/sprite": "7.2.0"
      }
    },
    "node_modules/@pixi/mixin-get-child-by-name": {
      "version": "7.2.0",
      "resolved": "https://registry.npmjs.org/@pixi/mixin-get-child-by-name/-/mixin-get-child-by-name-7.2.0.tgz",
      "integrity": "sha512-bROgKA910dPBWvzjJlVCeilyRn74kqydjeCUQ1mb9JKjKUwARf4YOwR3rh7np5tcTAbSW8/XYzi///cF89PtSw==",
      "peerDependencies": {
        "@pixi/display": "7.2.0"
      }
    },
    "node_modules/@pixi/mixin-get-global-position": {
      "version": "7.2.0",
      "resolved": "https://registry.npmjs.org/@pixi/mixin-get-global-position/-/mixin-get-global-position-7.2.0.tgz",
      "integrity": "sha512-Q9vJJ9ofpcWL2blBa1m01SkiKZ0kSNX5Swq4mlyL8M/MbFzCqowmDDcg969guCJQVvA+abKGoSJHF53k8m93IA==",
      "peerDependencies": {
        "@pixi/core": "7.2.0",
        "@pixi/display": "7.2.0"
      }
    },
    "node_modules/@pixi/particle-container": {
      "version": "7.2.0",
      "resolved": "https://registry.npmjs.org/@pixi/particle-container/-/particle-container-7.2.0.tgz",
      "integrity": "sha512-cr8hoZ9eE9KcRrKXoPTcxAPsjVnqQAKvfv4bnjRcalLqtjf+N7Kecxwp+mrzvfxehNnTu/HZ47MdEo6iZY3iHA==",
      "peerDependencies": {
        "@pixi/core": "7.2.0",
        "@pixi/display": "7.2.0",
        "@pixi/sprite": "7.2.0"
      }
    },
    "node_modules/@pixi/prepare": {
      "version": "7.2.0",
      "resolved": "https://registry.npmjs.org/@pixi/prepare/-/prepare-7.2.0.tgz",
      "integrity": "sha512-ean7BS7uGLMArNPNTd8DAy2eA6x4BjPV9tCLxGmDqNUsU6riZSY09k4cEilQHsyscmt+dJZwcZAqaIjn82uajw==",
      "peerDependencies": {
        "@pixi/core": "7.2.0",
        "@pixi/display": "7.2.0",
        "@pixi/graphics": "7.2.0",
        "@pixi/text": "7.2.0"
      }
    },
    "node_modules/@pixi/runner": {
      "version": "7.2.0",
      "resolved": "https://registry.npmjs.org/@pixi/runner/-/runner-7.2.0.tgz",
      "integrity": "sha512-FWEP2fM8du9MJ+f0BFdlXl1TNtllCZ8qXTm2VM2QgKKIE5gnd3ALadUUqYLWA/CMS57y16L8I67gl4TerCYcvw=="
    },
    "node_modules/@pixi/settings": {
      "version": "7.2.0",
      "resolved": "https://registry.npmjs.org/@pixi/settings/-/settings-7.2.0.tgz",
      "integrity": "sha512-XlDer+3PcckT0cuMaUF7v2cPLZW6VL00LIZq3HzsIJFmvQKFggHcXZ5s22CfI3B0SJfRjeXKcCTYos33/di+AA==",
      "dependencies": {
        "@pixi/constants": "7.2.0",
        "@types/css-font-loading-module": "^0.0.7",
        "ismobilejs": "^1.1.0"
      }
    },
    "node_modules/@pixi/sprite": {
      "version": "7.2.0",
      "resolved": "https://registry.npmjs.org/@pixi/sprite/-/sprite-7.2.0.tgz",
      "integrity": "sha512-YE6eFeYx0O+ZDl46flFMZpDD8ny64dRoXFGWAK0JLwj6RCMjKyvcAF7j7BsLOs2YO7tW3lkQ39JbfbYs9AIO7w==",
      "peerDependencies": {
        "@pixi/core": "7.2.0",
        "@pixi/display": "7.2.0"
      }
    },
    "node_modules/@pixi/sprite-animated": {
      "version": "7.2.0",
      "resolved": "https://registry.npmjs.org/@pixi/sprite-animated/-/sprite-animated-7.2.0.tgz",
      "integrity": "sha512-ZKE0YIAvQ+g1lZJ6EaQHpQK09ZuqYhT6f+kSakLAr0zmkd792+m0vI7PdE5aXmQ9shkT1z+KFzRkia0JdKlP8A==",
      "peerDependencies": {
        "@pixi/core": "7.2.0",
        "@pixi/sprite": "7.2.0"
      }
    },
    "node_modules/@pixi/sprite-tiling": {
      "version": "7.2.0",
      "resolved": "https://registry.npmjs.org/@pixi/sprite-tiling/-/sprite-tiling-7.2.0.tgz",
      "integrity": "sha512-KhZmE3Rgntg4AOvwky8kFqCWKq6YcIg6pqJqzu1GrY+IiXnOJI+ivGFO2PMMKNk3PgbiZ2+JVa4ory+kj0/IwQ==",
      "peerDependencies": {
        "@pixi/core": "7.2.0",
        "@pixi/display": "7.2.0",
        "@pixi/sprite": "7.2.0"
      }
    },
    "node_modules/@pixi/spritesheet": {
      "version": "7.2.0",
      "resolved": "https://registry.npmjs.org/@pixi/spritesheet/-/spritesheet-7.2.0.tgz",
      "integrity": "sha512-bJSiwInvqLaDr3VRxfI5nu4PZOjMzrAJO+fxtpVRdh2ERSKjnvgevSNe24bRVMlqRDsY4Xg2SCKC/+EGlGt2IA==",
      "peerDependencies": {
        "@pixi/assets": "7.2.0",
        "@pixi/core": "7.2.0"
      }
    },
    "node_modules/@pixi/text": {
      "version": "7.2.0",
      "resolved": "https://registry.npmjs.org/@pixi/text/-/text-7.2.0.tgz",
      "integrity": "sha512-YVRo1M+cPQSwTH5nFVFQyuvr10qNt6jWMB9xWXyMLcLHLnNVBXiM4wvk4E7uJaF4buToftbFPD8QTvk2ubHQqA==",
      "peerDependencies": {
        "@pixi/core": "7.2.0",
        "@pixi/sprite": "7.2.0"
      }
    },
    "node_modules/@pixi/text-bitmap": {
      "version": "7.2.0",
      "resolved": "https://registry.npmjs.org/@pixi/text-bitmap/-/text-bitmap-7.2.0.tgz",
      "integrity": "sha512-vFvTk41Bo4IYJXkuwVBDEIThZ896atUGLy8JBwdJf45Jk4epjQIh46E9Uw5DCJPGkerG0zS5i3i0oRTmv1B/CA==",
      "peerDependencies": {
        "@pixi/assets": "7.2.0",
        "@pixi/core": "7.2.0",
        "@pixi/display": "7.2.0",
        "@pixi/mesh": "7.2.0",
        "@pixi/text": "7.2.0"
      }
    },
    "node_modules/@pixi/text-html": {
      "version": "7.2.0",
      "resolved": "https://registry.npmjs.org/@pixi/text-html/-/text-html-7.2.0.tgz",
      "integrity": "sha512-rM0o4Qxrs7tu0tgy8DvkomS4rvnCwzGA3x2UtmfG+Fpufz0yYxNO2fHQpwP8LjT/Ncb6KoXtljqy1tL0qhEsuw==",
      "peerDependencies": {
        "@pixi/core": "7.2.0",
        "@pixi/display": "7.2.0",
        "@pixi/sprite": "7.2.0",
        "@pixi/text": "7.2.0"
      }
    },
    "node_modules/@pixi/ticker": {
      "version": "7.2.0",
      "resolved": "https://registry.npmjs.org/@pixi/ticker/-/ticker-7.2.0.tgz",
      "integrity": "sha512-0VUCi/jQIcf8T6nTystjxJZ+Ok9OV5hJAU+vblnhSlb1qqpWZ9XPCG0jdA7nttpiswmUqJWwSvZ32ebxFp1dtA==",
      "dependencies": {
        "@pixi/extensions": "7.2.0",
        "@pixi/settings": "7.2.0",
        "@pixi/utils": "7.2.0"
      }
    },
    "node_modules/@pixi/utils": {
      "version": "7.2.0",
      "resolved": "https://registry.npmjs.org/@pixi/utils/-/utils-7.2.0.tgz",
      "integrity": "sha512-o0VnKf9S6oRD9vdXk4Gp5PV49unmVQUcgJ2FnN7qU5EPOsZw57/mlCZQXB1Se2T6Z60zfQ99Vt1mbfnEIb38EQ==",
      "dependencies": {
        "@pixi/color": "7.2.0",
        "@pixi/constants": "7.2.0",
        "@pixi/settings": "7.2.0",
        "@types/earcut": "^2.1.0",
        "earcut": "^2.2.4",
        "eventemitter3": "^4.0.0",
        "url": "^0.11.0"
      }
    },
    "node_modules/@types/css-font-loading-module": {
      "version": "0.0.7",
      "resolved": "https://registry.npmjs.org/@types/css-font-loading-module/-/css-font-loading-module-0.0.7.tgz",
      "integrity": "sha512-nl09VhutdjINdWyXxHWN/w9zlNCfr60JUqJbd24YXUuCwgeL0TpFSdElCwb6cxfB6ybE19Gjj4g0jsgkXxKv1Q=="
    },
    "node_modules/@types/earcut": {
      "version": "2.1.1",
      "resolved": "https://registry.npmjs.org/@types/earcut/-/earcut-2.1.1.tgz",
      "integrity": "sha512-w8oigUCDjElRHRRrMvn/spybSMyX8MTkKA5Dv+tS1IE/TgmNZPqUYtvYBXGY8cieSE66gm+szeK+bnbxC2xHTQ=="
    },
    "node_modules/@types/offscreencanvas": {
      "version": "2019.7.0",
      "resolved": "https://registry.npmjs.org/@types/offscreencanvas/-/offscreencanvas-2019.7.0.tgz",
      "integrity": "sha512-PGcyveRIpL1XIqK8eBsmRBt76eFgtzuPiSTyKHZxnGemp2yzGzWpjYKAfK3wIMiU7eH+851yEpiuP8JZerTmWg=="
    },
    "node_modules/colord": {
      "version": "2.9.3",
      "resolved": "https://registry.npmjs.org/colord/-/colord-2.9.3.tgz",
      "integrity": "sha512-jeC1axXpnb0/2nn/Y1LPuLdgXBLH7aDcHu4KEKfqw3CUhX7ZpfBSlPKyqXE6btIgEzfWtrX3/tyBCaCvXvMkOw=="
    },
    "node_modules/earcut": {
      "version": "2.2.4",
      "resolved": "https://registry.npmjs.org/earcut/-/earcut-2.2.4.tgz",
      "integrity": "sha512-/pjZsA1b4RPHbeWZQn66SWS8nZZWLQQ23oE3Eam7aroEFGEvwKAsJfZ9ytiEMycfzXWpca4FA9QIOehf7PocBQ=="
    },
    "node_modules/eventemitter3": {
      "version": "4.0.7",
      "resolved": "https://registry.npmjs.org/eventemitter3/-/eventemitter3-4.0.7.tgz",
      "integrity": "sha512-8guHBZCwKnFhYdHr2ysuRWErTwhoN2X8XELRlrRwpmfeY2jjuUN4taQMsULKUVo1K4DvZl+0pgfyoysHxvmvEw=="
    },
    "node_modules/ismobilejs": {
      "version": "1.1.1",
      "resolved": "https://registry.npmjs.org/ismobilejs/-/ismobilejs-1.1.1.tgz",
      "integrity": "sha512-VaFW53yt8QO61k2WJui0dHf4SlL8lxBofUuUmwBo0ljPk0Drz2TiuDW4jo3wDcv41qy/SxrJ+VAzJ/qYqsmzRw=="
    },
    "node_modules/pixi.js": {
      "version": "7.2.0",
      "resolved": "https://registry.npmjs.org/pixi.js/-/pixi.js-7.2.0.tgz",
      "integrity": "sha512-w7OXZzQXWAVtc0CJChgwj9OUpPxf4lVb7ZOAqsJw7nzq69jtTYF3qJZ1+pGy/pb0YhAtnTpFx9dXXyXaCv1WYA==",
      "dependencies": {
        "@pixi/accessibility": "7.2.0",
        "@pixi/app": "7.2.0",
        "@pixi/assets": "7.2.0",
        "@pixi/compressed-textures": "7.2.0",
        "@pixi/core": "7.2.0",
        "@pixi/display": "7.2.0",
        "@pixi/events": "7.2.0",
        "@pixi/extensions": "7.2.0",
        "@pixi/extract": "7.2.0",
        "@pixi/filter-alpha": "7.2.0",
        "@pixi/filter-blur": "7.2.0",
        "@pixi/filter-color-matrix": "7.2.0",
        "@pixi/filter-displacement": "7.2.0",
        "@pixi/filter-fxaa": "7.2.0",
        "@pixi/filter-noise": "7.2.0",
        "@pixi/graphics": "7.2.0",
        "@pixi/mesh": "7.2.0",
        "@pixi/mesh-extras": "7.2.0",
        "@pixi/mixin-cache-as-bitmap": "7.2.0",
        "@pixi/mixin-get-child-by-name": "7.2.0",
        "@pixi/mixin-get-global-position": "7.2.0",
        "@pixi/particle-container": "7.2.0",
        "@pixi/prepare": "7.2.0",
        "@pixi/sprite": "7.2.0",
        "@pixi/sprite-animated": "7.2.0",
        "@pixi/sprite-tiling": "7.2.0",
        "@pixi/spritesheet": "7.2.0",
        "@pixi/text": "7.2.0",
        "@pixi/text-bitmap": "7.2.0",
        "@pixi/text-html": "7.2.0"
      },
      "funding": {
        "type": "opencollective",
        "url": "https://opencollective.com/pixijs"
      }
    },
    "node_modules/punycode": {
      "version": "1.3.2",
      "resolved": "https://registry.npmjs.org/punycode/-/punycode-1.3.2.tgz",
      "integrity": "sha512-RofWgt/7fL5wP1Y7fxE7/EmTLzQVnB0ycyibJ0OOHIlJqTNzglYFxVwETOcIoJqJmpDXJ9xImDv+Fq34F/d4Dw=="
    },
    "node_modules/querystring": {
      "version": "0.2.0",
      "resolved": "https://registry.npmjs.org/querystring/-/querystring-0.2.0.tgz",
      "integrity": "sha512-X/xY82scca2tau62i9mDyU9K+I+djTMUsvwf7xnUX5GLvVzgJybOJf4Y6o9Zx3oJK/LSXg5tTZBjwzqVPaPO2g==",
      "deprecated": "The querystring API is considered Legacy. new code should use the URLSearchParams API instead.",
      "engines": {
        "node": ">=0.4.x"
      }
    },
    "node_modules/url": {
      "version": "0.11.0",
      "resolved": "https://registry.npmjs.org/url/-/url-0.11.0.tgz",
      "integrity": "sha512-kbailJa29QrtXnxgq+DdCEGlbTeYM2eJUxsz6vjZavrCYPMIFHMKQmSKYAIuUK2i7hgPm28a8piX5NTUtM/LKQ==",
      "dependencies": {
        "punycode": "1.3.2",
        "querystring": "0.2.0"
      }
    }
  },
  "dependencies": {
    "@pixi/accessibility": {
      "version": "7.2.0",
      "resolved": "https://registry.npmjs.org/@pixi/accessibility/-/accessibility-7.2.0.tgz",
      "integrity": "sha512-yi4DIpRsisw6vcZGVbJn4plpADUTHzw8zDxpU/05xS+pngWyMabfs+QLK++f66sdUCgUbsdvPrlneSyfXeqXMQ==",
      "requires": {}
    },
    "@pixi/app": {
      "version": "7.2.0",
      "resolved": "https://registry.npmjs.org/@pixi/app/-/app-7.2.0.tgz",
      "integrity": "sha512-Q368vu7iIZAy1+ypF29rYwM6aiMpcYxHh06X2bjbmvtu7OGX/8/f4U4/7LELiYVqwvrkNLbuhmW6lne1XD4Dgw==",
      "requires": {}
    },
    "@pixi/assets": {
      "version": "7.2.0",
      "resolved": "https://registry.npmjs.org/@pixi/assets/-/assets-7.2.0.tgz",
      "integrity": "sha512-EKoo60i/5NBZJHmeUZ4cMQKwno2Z1lQeyBtowvESx1aeNjDVnfMsPbdesAH8O736Y27npf4FaMOFv4Csh4MPJw==",
      "requires": {
        "@types/css-font-loading-module": "^0.0.7"
      }
    },
    "@pixi/color": {
      "version": "7.2.0",
      "resolved": "https://registry.npmjs.org/@pixi/color/-/color-7.2.0.tgz",
      "integrity": "sha512-MXAxosoaeqWrWdEZr4HmQ283wkg354SzlnSXmNQEONo6XcYtRwgSQkegTvVtz6GlpN+FoR0DiFi4zC/NcM2Z1Q==",
      "requires": {
        "colord": "^2.9.3"
      }
    },
    "@pixi/compressed-textures": {
      "version": "7.2.0",
      "resolved": "https://registry.npmjs.org/@pixi/compressed-textures/-/compressed-textures-7.2.0.tgz",
      "integrity": "sha512-wVf4B5sesoKUNjWurb60++xJAqU8YkZZUjN+VAl3GDk2AmllnEkxqFQHaXBTuUHNopP/rO/HnXCiyJ0cV1DrOg==",
      "requires": {}
    },
    "@pixi/constants": {
      "version": "7.2.0",
      "resolved": "https://registry.npmjs.org/@pixi/constants/-/constants-7.2.0.tgz",
      "integrity": "sha512-pGWfyFuPdEOUa3ezLYLdZEQNAeokGv+RV29FMR+w+ozfVn6bpnG5GdDRL9KyitAv2WQL6TPfPRObOnLRGoRdIg=="
    },
    "@pixi/core": {
      "version": "7.2.0",
      "resolved": "https://registry.npmjs.org/@pixi/core/-/core-7.2.0.tgz",
      "integrity": "sha512-tVDAAl1gom8jZSefTc1m4gbkY9hG9tLKj6zGJZ5gzAMhL5xreM7T1Nhwhudza5ZebSloQ2ARkHZf9lD1Ximovw==",
      "requires": {
        "@pixi/color": "7.2.0",
        "@pixi/constants": "7.2.0",
        "@pixi/extensions": "7.2.0",
        "@pixi/math": "7.2.0",
        "@pixi/runner": "7.2.0",
        "@pixi/settings": "7.2.0",
        "@pixi/ticker": "7.2.0",
        "@pixi/utils": "7.2.0",
        "@types/offscreencanvas": "^2019.6.4"
      }
    },
    "@pixi/display": {
      "version": "7.2.0",
      "resolved": "https://registry.npmjs.org/@pixi/display/-/display-7.2.0.tgz",
      "integrity": "sha512-SifBxSZKCg8gUo2pL9pcU+NVwA6fCD6TA69nISGndPwiHMtznpCnlleZ8+z8H4PmhXWLRuD8xd3FGhlH/b/keA==",
      "requires": {}
    },
    "@pixi/events": {
      "version": "7.2.0",
      "resolved": "https://registry.npmjs.org/@pixi/events/-/events-7.2.0.tgz",
      "integrity": "sha512-Nvf+qMhY43/fYJgkw4cUKLT4oCIlE1EgRZ2E46+f7/aWz+Z4mCphLzUIOkBp+PggNdtvZcF+t57fChi0rmfSoQ==",
      "requires": {}
    },
    "@pixi/extensions": {
      "version": "7.2.0",
      "resolved": "https://registry.npmjs.org/@pixi/extensions/-/extensions-7.2.0.tgz",
      "integrity": "sha512-B27M74SqRxSzVztkmP9Gk5nORu9nAGAV8N8nq15pXABKY5IQ3F0F8XWm0Eeglf2UpbZ54tgIAfRLhRVUlG9WKQ=="
    },
    "@pixi/extract": {
      "version": "7.2.0",
      "resolved": "https://registry.npmjs.org/@pixi/extract/-/extract-7.2.0.tgz",
      "integrity": "sha512-XJV+SlE8Sm/HrmtaXOLOVD+Up9VvC8TO0W90AuESPhn5oJDf1MBTBarQEoeAzQfJ8HK6fGs0F2hNsoAyaVRzJQ==",
      "requires": {}
    },
    "@pixi/filter-alpha": {
      "version": "7.2.0",
      "resolved": "https://registry.npmjs.org/@pixi/filter-alpha/-/filter-alpha-7.2.0.tgz",
      "integrity": "sha512-XQX0Uy9VKYzDirUCoIEqJ0KHCXULP5ALmU2Nl/mtYD7L5trKzG6YREr4b1J7Ldcp/SKGnwA8tYDFmXsJmFAwJw==",
      "requires": {}
    },
    "@pixi/filter-blur": {
      "version": "7.2.0",
      "resolved": "https://registry.npmjs.org/@pixi/filter-blur/-/filter-blur-7.2.0.tgz",
      "integrity": "sha512-nzta5P9W5GQyfmQcN7j0Ia85nmiXBzAcc4kGNPU2Lp/l1D+B7YD0SdzGVomCTX1MT0zMd7BrcCJ1NP/B5MVs3w==",
      "requires": {}
    },
    "@pixi/filter-color-matrix": {
      "version": "7.2.0",
      "resolved": "https://registry.npmjs.org/@pixi/filter-color-matrix/-/filter-color-matrix-7.2.0.tgz",
      "integrity": "sha512-m43XllXYO5OTdxzVeilZ5eRNn+dIbwmOXCVAmPyfkZvwP6P3sjEK7LEB3+6NXHnliohSZHE6BNKG5VB0TjmaiQ==",
      "requires": {}
    },
    "@pixi/filter-displacement": {
      "version": "7.2.0",
      "resolved": "https://registry.npmjs.org/@pixi/filter-displacement/-/filter-displacement-7.2.0.tgz",
      "integrity": "sha512-K1Kka6fU/kn60p2aPwezb6o9dnIhzjdyavvFveZO1rtkbqWg17vC8TfuuKbatqnG9w+ERjnXQq8DY6qREZb+wQ==",
      "requires": {}
    },
    "@pixi/filter-fxaa": {
      "version": "7.2.0",
      "resolved": "https://registry.npmjs.org/@pixi/filter-fxaa/-/filter-fxaa-7.2.0.tgz",
      "integrity": "sha512-EO0Pu2pMmrXJX0AfiWpsd1Is7QB/p1rVmnA4h5V5VvrtajZAkxumPkTqmVLfupYVZa6pNveRSn2eK5w4VdieTA==",
      "requires": {}
    },
    "@pixi/filter-noise": {
      "version": "7.2.0",
      "resolved": "https://registry.npmjs.org/@pixi/filter-noise/-/filter-noise-7.2.0.tgz",
      "integrity": "sha512-n2Do5IwEjNefqbzuuvueYuc4xpv8VyLbLTE8OvP98N1JmL0/tJXZVfq6NxyAvOfXO1Pa9WaXgJBn4nxoKc+2Dw==",
      "requires": {}
    },
    "@pixi/graphics": {
      "version": "7.2.0",
      "resolved": "https://registry.npmjs.org/@pixi/graphics/-/graphics-7.2.0.tgz",
      "integrity": "sha512-XzMydjylFbc1oTWD6KoEsPv3ybNUcVwvcpXRUc+g7SSDeRfejr8/h2+pu7ir1uOVqU7epaEtXxLXmEpzIBkDbw==",
      "requires": {}
    },
    "@pixi/math": {
      "version": "7.2.0",
      "resolved": "https://registry.npmjs.org/@pixi/math/-/math-7.2.0.tgz",
      "integrity": "sha512-JqbNYvbcC/I2dKrYOB27cECJKW9zjdHh8MbKqzRgtFfvOyb8uQv21XAXQg2ZyuzVs3ixsWURV/YuuhVPsTDvtQ=="
    },
    "@pixi/mesh": {
      "version": "7.2.0",
      "resolved": "https://registry.npmjs.org/@pixi/mesh/-/mesh-7.2.0.tgz",
      "integrity": "sha512-BGPxrM5xOIOfpN3LO1RSN0E4oBm10BLQ5pnO9RjZ0GDhhaBuO1wNZ3WeOKfI0CvJL01ttrE8wo7ig+WwectY7g==",
      "requires": {}
    },
    "@pixi/mesh-extras": {
      "version": "7.2.0",
      "resolved": "https://registry.npmjs.org/@pixi/mesh-extras/-/mesh-extras-7.2.0.tgz",
      "integrity": "sha512-WVitrrqvUyrXPVgJsP8n3xoPyOFDEeGzcEvuf6IAAhzrWvVWdCv20WO70hqDc9NaRxs3c4HEaPeB1IZZ5RVgdA==",
      "requires": {}
    },
    "@pixi/mixin-cache-as-bitmap": {
      "version": "7.2.0",
      "resolved": "https://registry.npmjs.org/@pixi/mixin-cache-as-bitmap/-/mixin-cache-as-bitmap-7.2.0.tgz",
      "integrity": "sha512-kXOWFJZci5qSWfN8tavS/Idg+ciDw5h89BBBw8iT+lOrJw6iyPZKieTBzjI85xjTP87N0yuW5YxR3BPxA/wuSQ==",
      "requires": {}
    },
    "@pixi/mixin-get-child-by-name": {
      "version": "7.2.0",
      "resolved": "https://registry.npmjs.org/@pixi/mixin-get-child-by-name/-/mixin-get-child-by-name-7.2.0.tgz",
      "integrity": "sha512-bROgKA910dPBWvzjJlVCeilyRn74kqydjeCUQ1mb9JKjKUwARf4YOwR3rh7np5tcTAbSW8/XYzi///cF89PtSw==",
      "requires": {}
    },
    "@pixi/mixin-get-global-position": {
      "version": "7.2.0",
      "resolved": "https://registry.npmjs.org/@pixi/mixin-get-global-position/-/mixin-get-global-position-7.2.0.tgz",
      "integrity": "sha512-Q9vJJ9ofpcWL2blBa1m01SkiKZ0kSNX5Swq4mlyL8M/MbFzCqowmDDcg969guCJQVvA+abKGoSJHF53k8m93IA==",
      "requires": {}
    },
    "@pixi/particle-container": {
      "version": "7.2.0",
      "resolved": "https://registry.npmjs.org/@pixi/particle-container/-/particle-container-7.2.0.tgz",
      "integrity": "sha512-cr8hoZ9eE9KcRrKXoPTcxAPsjVnqQAKvfv4bnjRcalLqtjf+N7Kecxwp+mrzvfxehNnTu/HZ47MdEo6iZY3iHA==",
      "requires": {}
    },
    "@pixi/prepare": {
      "version": "7.2.0",
      "resolved": "https://registry.npmjs.org/@pixi/prepare/-/prepare-7.2.0.tgz",
      "integrity": "sha512-ean7BS7uGLMArNPNTd8DAy2eA6x4BjPV9tCLxGmDqNUsU6riZSY09k4cEilQHsyscmt+dJZwcZAqaIjn82uajw==",
      "requires": {}
    },
    "@pixi/runner": {
      "version": "7.2.0",
      "resolved": "https://registry.npmjs.org/@pixi/runner/-/runner-7.2.0.tgz",
      "integrity": "sha512-FWEP2fM8du9MJ+f0BFdlXl1TNtllCZ8qXTm2VM2QgKKIE5gnd3ALadUUqYLWA/CMS57y16L8I67gl4TerCYcvw=="
    },
    "@pixi/settings": {
      "version": "7.2.0",
      "resolved": "https://registry.npmjs.org/@pixi/settings/-/settings-7.2.0.tgz",
      "integrity": "sha512-XlDer+3PcckT0cuMaUF7v2cPLZW6VL00LIZq3HzsIJFmvQKFggHcXZ5s22CfI3B0SJfRjeXKcCTYos33/di+AA==",
      "requires": {
        "@pixi/constants": "7.2.0",
        "@types/css-font-loading-module": "^0.0.7",
        "ismobilejs": "^1.1.0"
      }
    },
    "@pixi/sprite": {
      "version": "7.2.0",
      "resolved": "https://registry.npmjs.org/@pixi/sprite/-/sprite-7.2.0.tgz",
      "integrity": "sha512-YE6eFeYx0O+ZDl46flFMZpDD8ny64dRoXFGWAK0JLwj6RCMjKyvcAF7j7BsLOs2YO7tW3lkQ39JbfbYs9AIO7w==",
      "requires": {}
    },
    "@pixi/sprite-animated": {
      "version": "7.2.0",
      "resolved": "https://registry.npmjs.org/@pixi/sprite-animated/-/sprite-animated-7.2.0.tgz",
      "integrity": "sha512-ZKE0YIAvQ+g1lZJ6EaQHpQK09ZuqYhT6f+kSakLAr0zmkd792+m0vI7PdE5aXmQ9shkT1z+KFzRkia0JdKlP8A==",
      "requires": {}
    },
    "@pixi/sprite-tiling": {
      "version": "7.2.0",
      "resolved": "https://registry.npmjs.org/@pixi/sprite-tiling/-/sprite-tiling-7.2.0.tgz",
      "integrity": "sha512-KhZmE3Rgntg4AOvwky8kFqCWKq6YcIg6pqJqzu1GrY+IiXnOJI+ivGFO2PMMKNk3PgbiZ2+JVa4ory+kj0/IwQ==",
      "requires": {}
    },
    "@pixi/spritesheet": {
      "version": "7.2.0",
      "resolved": "https://registry.npmjs.org/@pixi/spritesheet/-/spritesheet-7.2.0.tgz",
      "integrity": "sha512-bJSiwInvqLaDr3VRxfI5nu4PZOjMzrAJO+fxtpVRdh2ERSKjnvgevSNe24bRVMlqRDsY4Xg2SCKC/+EGlGt2IA==",
      "requires": {}
    },
    "@pixi/text": {
      "version": "7.2.0",
      "resolved": "https://registry.npmjs.org/@pixi/text/-/text-7.2.0.tgz",
      "integrity": "sha512-YVRo1M+cPQSwTH5nFVFQyuvr10qNt6jWMB9xWXyMLcLHLnNVBXiM4wvk4E7uJaF4buToftbFPD8QTvk2ubHQqA==",
      "requires": {}
    },
    "@pixi/text-bitmap": {
      "version": "7.2.0",
      "resolved": "https://registry.npmjs.org/@pixi/text-bitmap/-/text-bitmap-7.2.0.tgz",
      "integrity": "sha512-vFvTk41Bo4IYJXkuwVBDEIThZ896atUGLy8JBwdJf45Jk4epjQIh46E9Uw5DCJPGkerG0zS5i3i0oRTmv1B/CA==",
      "requires": {}
    },
    "@pixi/text-html": {
      "version": "7.2.0",
      "resolved": "https://registry.npmjs.org/@pixi/text-html/-/text-html-7.2.0.tgz",
      "integrity": "sha512-rM0o4Qxrs7tu0tgy8DvkomS4rvnCwzGA3x2UtmfG+Fpufz0yYxNO2fHQpwP8LjT/Ncb6KoXtljqy1tL0qhEsuw==",
      "requires": {}
    },
    "@pixi/ticker": {
      "version": "7.2.0",
      "resolved": "https://registry.npmjs.org/@pixi/ticker/-/ticker-7.2.0.tgz",
      "integrity": "sha512-0VUCi/jQIcf8T6nTystjxJZ+Ok9OV5hJAU+vblnhSlb1qqpWZ9XPCG0jdA7nttpiswmUqJWwSvZ32ebxFp1dtA==",
      "requires": {
        "@pixi/extensions": "7.2.0",
        "@pixi/settings": "7.2.0",
        "@pixi/utils": "7.2.0"
      }
    },
    "@pixi/utils": {
      "version": "7.2.0",
      "resolved": "https://registry.npmjs.org/@pixi/utils/-/utils-7.2.0.tgz",
      "integrity": "sha512-o0VnKf9S6oRD9vdXk4Gp5PV49unmVQUcgJ2FnN7qU5EPOsZw57/mlCZQXB1Se2T6Z60zfQ99Vt1mbfnEIb38EQ==",
      "requires": {
        "@pixi/color": "7.2.0",
        "@pixi/constants": "7.2.0",
        "@pixi/settings": "7.2.0",
        "@types/earcut": "^2.1.0",
        "earcut": "^2.2.4",
        "eventemitter3": "^4.0.0",
        "url": "^0.11.0"
      }
    },
    "@types/css-font-loading-module": {
      "version": "0.0.7",
      "resolved": "https://registry.npmjs.org/@types/css-font-loading-module/-/css-font-loading-module-0.0.7.tgz",
      "integrity": "sha512-nl09VhutdjINdWyXxHWN/w9zlNCfr60JUqJbd24YXUuCwgeL0TpFSdElCwb6cxfB6ybE19Gjj4g0jsgkXxKv1Q=="
    },
    "@types/earcut": {
      "version": "2.1.1",
      "resolved": "https://registry.npmjs.org/@types/earcut/-/earcut-2.1.1.tgz",
      "integrity": "sha512-w8oigUCDjElRHRRrMvn/spybSMyX8MTkKA5Dv+tS1IE/TgmNZPqUYtvYBXGY8cieSE66gm+szeK+bnbxC2xHTQ=="
    },
    "@types/offscreencanvas": {
      "version": "2019.7.0",
      "resolved": "https://registry.npmjs.org/@types/offscreencanvas/-/offscreencanvas-2019.7.0.tgz",
      "integrity": "sha512-PGcyveRIpL1XIqK8eBsmRBt76eFgtzuPiSTyKHZxnGemp2yzGzWpjYKAfK3wIMiU7eH+851yEpiuP8JZerTmWg=="
    },
    "colord": {
      "version": "2.9.3",
      "resolved": "https://registry.npmjs.org/colord/-/colord-2.9.3.tgz",
      "integrity": "sha512-jeC1axXpnb0/2nn/Y1LPuLdgXBLH7aDcHu4KEKfqw3CUhX7ZpfBSlPKyqXE6btIgEzfWtrX3/tyBCaCvXvMkOw=="
    },
    "earcut": {
      "version": "2.2.4",
      "resolved": "https://registry.npmjs.org/earcut/-/earcut-2.2.4.tgz",
      "integrity": "sha512-/pjZsA1b4RPHbeWZQn66SWS8nZZWLQQ23oE3Eam7aroEFGEvwKAsJfZ9ytiEMycfzXWpca4FA9QIOehf7PocBQ=="
    },
    "eventemitter3": {
      "version": "4.0.7",
      "resolved": "https://registry.npmjs.org/eventemitter3/-/eventemitter3-4.0.7.tgz",
      "integrity": "sha512-8guHBZCwKnFhYdHr2ysuRWErTwhoN2X8XELRlrRwpmfeY2jjuUN4taQMsULKUVo1K4DvZl+0pgfyoysHxvmvEw=="
    },
    "ismobilejs": {
      "version": "1.1.1",
      "resolved": "https://registry.npmjs.org/ismobilejs/-/ismobilejs-1.1.1.tgz",
      "integrity": "sha512-VaFW53yt8QO61k2WJui0dHf4SlL8lxBofUuUmwBo0ljPk0Drz2TiuDW4jo3wDcv41qy/SxrJ+VAzJ/qYqsmzRw=="
    },
    "pixi.js": {
      "version": "7.2.0",
      "resolved": "https://registry.npmjs.org/pixi.js/-/pixi.js-7.2.0.tgz",
      "integrity": "sha512-w7OXZzQXWAVtc0CJChgwj9OUpPxf4lVb7ZOAqsJw7nzq69jtTYF3qJZ1+pGy/pb0YhAtnTpFx9dXXyXaCv1WYA==",
      "requires": {
        "@pixi/accessibility": "7.2.0",
        "@pixi/app": "7.2.0",
        "@pixi/assets": "7.2.0",
        "@pixi/compressed-textures": "7.2.0",
        "@pixi/core": "7.2.0",
        "@pixi/display": "7.2.0",
        "@pixi/events": "7.2.0",
        "@pixi/extensions": "7.2.0",
        "@pixi/extract": "7.2.0",
        "@pixi/filter-alpha": "7.2.0",
        "@pixi/filter-blur": "7.2.0",
        "@pixi/filter-color-matrix": "7.2.0",
        "@pixi/filter-displacement": "7.2.0",
        "@pixi/filter-fxaa": "7.2.0",
        "@pixi/filter-noise": "7.2.0",
        "@pixi/graphics": "7.2.0",
        "@pixi/mesh": "7.2.0",
        "@pixi/mesh-extras": "7.2.0",
        "@pixi/mixin-cache-as-bitmap": "7.2.0",
        "@pixi/mixin-get-child-by-name": "7.2.0",
        "@pixi/mixin-get-global-position": "7.2.0",
        "@pixi/particle-container": "7.2.0",
        "@pixi/prepare": "7.2.0",
        "@pixi/sprite": "7.2.0",
        "@pixi/sprite-animated": "7.2.0",
        "@pixi/sprite-tiling": "7.2.0",
        "@pixi/spritesheet": "7.2.0",
        "@pixi/text": "7.2.0",
        "@pixi/text-bitmap": "7.2.0",
        "@pixi/text-html": "7.2.0"
      }
    },
    "punycode": {
      "version": "1.3.2",
      "resolved": "https://registry.npmjs.org/punycode/-/punycode-1.3.2.tgz",
      "integrity": "sha512-RofWgt/7fL5wP1Y7fxE7/EmTLzQVnB0ycyibJ0OOHIlJqTNzglYFxVwETOcIoJqJmpDXJ9xImDv+Fq34F/d4Dw=="
    },
    "querystring": {
      "version": "0.2.0",
      "resolved": "https://registry.npmjs.org/querystring/-/querystring-0.2.0.tgz",
      "integrity": "sha512-X/xY82scca2tau62i9mDyU9K+I+djTMUsvwf7xnUX5GLvVzgJybOJf4Y6o9Zx3oJK/LSXg5tTZBjwzqVPaPO2g=="
    },
    "url": {
      "version": "0.11.0",
      "resolved": "https://registry.npmjs.org/url/-/url-0.11.0.tgz",
      "integrity": "sha512-kbailJa29QrtXnxgq+DdCEGlbTeYM2eJUxsz6vjZavrCYPMIFHMKQmSKYAIuUK2i7hgPm28a8piX5NTUtM/LKQ==",
      "requires": {
        "punycode": "1.3.2",
        "querystring": "0.2.0"
      }
    }
  }
}
